// !$*UTF8*$!
{
	archiveVersion = 1;
	classes = {
	};
	objectVersion = 56;
	objects = {

/* Begin PBXBuildFile section */
		294406CD2BB61E42001F8A62 /* PageFactory.swift in Sources */ = {isa = PBXBuildFile; fileRef = 294406CC2BB61E42001F8A62 /* PageFactory.swift */; };
		29673EB42BB30C4900005D42 /* MoviesApp.swift in Sources */ = {isa = PBXBuildFile; fileRef = 29673EB32BB30C4900005D42 /* MoviesApp.swift */; };
		29673EB62BB30C4900005D42 /* MoviesView.swift in Sources */ = {isa = PBXBuildFile; fileRef = 29673EB52BB30C4900005D42 /* MoviesView.swift */; };
		29673EB82BB30C4A00005D42 /* Assets.xcassets in Resources */ = {isa = PBXBuildFile; fileRef = 29673EB72BB30C4A00005D42 /* Assets.xcassets */; };
		29673EBC2BB30C4A00005D42 /* Preview Assets.xcassets in Resources */ = {isa = PBXBuildFile; fileRef = 29673EBB2BB30C4A00005D42 /* Preview Assets.xcassets */; };
		29673EC62BB30C4A00005D42 /* MoviesTests.swift in Sources */ = {isa = PBXBuildFile; fileRef = 29673EC52BB30C4A00005D42 /* MoviesTests.swift */; };
		29673EE52BB310D500005D42 /* MoviesSampleData.swift in Sources */ = {isa = PBXBuildFile; fileRef = 29673EE42BB310D500005D42 /* MoviesSampleData.swift */; };
		29673EE72BB3561E00005D42 /* MoviesViewModel.swift in Sources */ = {isa = PBXBuildFile; fileRef = 29673EE62BB3561E00005D42 /* MoviesViewModel.swift */; };
		29673EFA2BB3DB8500005D42 /* Movie.swift in Sources */ = {isa = PBXBuildFile; fileRef = 29673EF62BB3DB5500005D42 /* Movie.swift */; };
		29673EFB2BB3DBBD00005D42 /* MovieDetailView.swift in Sources */ = {isa = PBXBuildFile; fileRef = 29673EF82BB3DB5500005D42 /* MovieDetailView.swift */; };
		29673EFC2BB3DBC000005D42 /* MovieViewModel.swift in Sources */ = {isa = PBXBuildFile; fileRef = 29673EF22BB3DB5500005D42 /* MovieViewModel.swift */; };
		29673F052BB40F7600005D42 /* AppCoordinator.swift in Sources */ = {isa = PBXBuildFile; fileRef = 29673F042BB40F7600005D42 /* AppCoordinator.swift */; };
		29673F072BB416E200005D42 /* CoordinatorView.swift in Sources */ = {isa = PBXBuildFile; fileRef = 29673F062BB416E200005D42 /* CoordinatorView.swift */; };
		29673F0A2BB428B500005D42 /* AsyncImageBuilder.swift in Sources */ = {isa = PBXBuildFile; fileRef = 29673F092BB428B500005D42 /* AsyncImageBuilder.swift */; };
		29673F0C2BB4293B00005D42 /* MovieCellView.swift in Sources */ = {isa = PBXBuildFile; fileRef = 29673F0B2BB4293B00005D42 /* MovieCellView.swift */; };
		29673F0E2BB42A0900005D42 /* CustomTextViewBuilder.swift in Sources */ = {isa = PBXBuildFile; fileRef = 29673F0D2BB42A0900005D42 /* CustomTextViewBuilder.swift */; };
/* End PBXBuildFile section */

/* Begin PBXContainerItemProxy section */
		29673EC22BB30C4A00005D42 /* PBXContainerItemProxy */ = {
			isa = PBXContainerItemProxy;
			containerPortal = 29673EA82BB30C4900005D42 /* Project object */;
			proxyType = 1;
			remoteGlobalIDString = 29673EAF2BB30C4900005D42;
			remoteInfo = Movies;
		};
		29673ECC2BB30C4A00005D42 /* PBXContainerItemProxy */ = {
			isa = PBXContainerItemProxy;
			containerPortal = 29673EA82BB30C4900005D42 /* Project object */;
			proxyType = 1;
			remoteGlobalIDString = 29673EAF2BB30C4900005D42;
			remoteInfo = Movies;
		};
/* End PBXContainerItemProxy section */

/* Begin PBXFileReference section */
		294406CC2BB61E42001F8A62 /* PageFactory.swift */ = {isa = PBXFileReference; lastKnownFileType = sourcecode.swift; path = PageFactory.swift; sourceTree = "<group>"; };
		29673EB02BB30C4900005D42 /* Movies.app */ = {isa = PBXFileReference; explicitFileType = wrapper.application; includeInIndex = 0; path = Movies.app; sourceTree = BUILT_PRODUCTS_DIR; };
		29673EB32BB30C4900005D42 /* MoviesApp.swift */ = {isa = PBXFileReference; lastKnownFileType = sourcecode.swift; path = MoviesApp.swift; sourceTree = "<group>"; };
		29673EB52BB30C4900005D42 /* MoviesView.swift */ = {isa = PBXFileReference; lastKnownFileType = sourcecode.swift; path = MoviesView.swift; sourceTree = "<group>"; };
		29673EB72BB30C4A00005D42 /* Assets.xcassets */ = {isa = PBXFileReference; lastKnownFileType = folder.assetcatalog; path = Assets.xcassets; sourceTree = "<group>"; };
		29673EB92BB30C4A00005D42 /* Movies.entitlements */ = {isa = PBXFileReference; lastKnownFileType = text.plist.entitlements; path = Movies.entitlements; sourceTree = "<group>"; };
		29673EBB2BB30C4A00005D42 /* Preview Assets.xcassets */ = {isa = PBXFileReference; lastKnownFileType = folder.assetcatalog; path = "Preview Assets.xcassets"; sourceTree = "<group>"; };
		29673EC12BB30C4A00005D42 /* MoviesTests.xctest */ = {isa = PBXFileReference; explicitFileType = wrapper.cfbundle; includeInIndex = 0; path = MoviesTests.xctest; sourceTree = BUILT_PRODUCTS_DIR; };
		29673EC52BB30C4A00005D42 /* MoviesTests.swift */ = {isa = PBXFileReference; lastKnownFileType = sourcecode.swift; path = MoviesTests.swift; sourceTree = "<group>"; };
		29673ECB2BB30C4A00005D42 /* MoviesUITests.xctest */ = {isa = PBXFileReference; explicitFileType = wrapper.cfbundle; includeInIndex = 0; path = MoviesUITests.xctest; sourceTree = BUILT_PRODUCTS_DIR; };
		29673EE42BB310D500005D42 /* MoviesSampleData.swift */ = {isa = PBXFileReference; lastKnownFileType = sourcecode.swift; path = MoviesSampleData.swift; sourceTree = "<group>"; };
		29673EE62BB3561E00005D42 /* MoviesViewModel.swift */ = {isa = PBXFileReference; lastKnownFileType = sourcecode.swift; path = MoviesViewModel.swift; sourceTree = "<group>"; };
		29673EF22BB3DB5500005D42 /* MovieViewModel.swift */ = {isa = PBXFileReference; lastKnownFileType = sourcecode.swift; path = MovieViewModel.swift; sourceTree = "<group>"; };
		29673EF62BB3DB5500005D42 /* Movie.swift */ = {isa = PBXFileReference; lastKnownFileType = sourcecode.swift; path = Movie.swift; sourceTree = "<group>"; };
		29673EF82BB3DB5500005D42 /* MovieDetailView.swift */ = {isa = PBXFileReference; lastKnownFileType = sourcecode.swift; path = MovieDetailView.swift; sourceTree = "<group>"; };
		29673F042BB40F7600005D42 /* AppCoordinator.swift */ = {isa = PBXFileReference; lastKnownFileType = sourcecode.swift; path = AppCoordinator.swift; sourceTree = "<group>"; };
		29673F062BB416E200005D42 /* CoordinatorView.swift */ = {isa = PBXFileReference; lastKnownFileType = sourcecode.swift; path = CoordinatorView.swift; sourceTree = "<group>"; };
		29673F092BB428B500005D42 /* AsyncImageBuilder.swift */ = {isa = PBXFileReference; lastKnownFileType = sourcecode.swift; path = AsyncImageBuilder.swift; sourceTree = "<group>"; };
		29673F0B2BB4293B00005D42 /* MovieCellView.swift */ = {isa = PBXFileReference; lastKnownFileType = sourcecode.swift; path = MovieCellView.swift; sourceTree = "<group>"; };
		29673F0D2BB42A0900005D42 /* CustomTextViewBuilder.swift */ = {isa = PBXFileReference; lastKnownFileType = sourcecode.swift; path = CustomTextViewBuilder.swift; sourceTree = "<group>"; };
/* End PBXFileReference section */

/* Begin PBXFrameworksBuildPhase section */
		29673EAD2BB30C4900005D42 /* Frameworks */ = {
			isa = PBXFrameworksBuildPhase;
			buildActionMask = 2147483647;
			files = (
			);
			runOnlyForDeploymentPostprocessing = 0;
		};
		29673EBE2BB30C4A00005D42 /* Frameworks */ = {
			isa = PBXFrameworksBuildPhase;
			buildActionMask = 2147483647;
			files = (
			);
			runOnlyForDeploymentPostprocessing = 0;
		};
		29673EC82BB30C4A00005D42 /* Frameworks */ = {
			isa = PBXFrameworksBuildPhase;
			buildActionMask = 2147483647;
			files = (
			);
			runOnlyForDeploymentPostprocessing = 0;
		};
/* End PBXFrameworksBuildPhase section */

/* Begin PBXGroup section */
		29673EA72BB30C4900005D42 = {
			isa = PBXGroup;
			children = (
				29673EB22BB30C4900005D42 /* Movies */,
				29673EC42BB30C4A00005D42 /* MoviesTests */,
				29673EB12BB30C4900005D42 /* Products */,
			);
			sourceTree = "<group>";
		};
		29673EB12BB30C4900005D42 /* Products */ = {
			isa = PBXGroup;
			children = (
				29673EB02BB30C4900005D42 /* Movies.app */,
				29673EC12BB30C4A00005D42 /* MoviesTests.xctest */,
				29673ECB2BB30C4A00005D42 /* MoviesUITests.xctest */,
			);
			name = Products;
			sourceTree = "<group>";
		};
		29673EB22BB30C4900005D42 /* Movies */ = {
			isa = PBXGroup;
			children = (
				29673EB32BB30C4900005D42 /* MoviesApp.swift */,
				29673F042BB40F7600005D42 /* AppCoordinator.swift */,
				29673F062BB416E200005D42 /* CoordinatorView.swift */,
				29673F082BB4288600005D42 /* SharedViewHelpers */,
				29673EEE2BB3DB0F00005D42 /* RootMoviePage */,
				29673EEF2BB3DB3700005D42 /* DetailMoviePage */,
				29673EB72BB30C4A00005D42 /* Assets.xcassets */,
				29673EB92BB30C4A00005D42 /* Movies.entitlements */,
				29673EBA2BB30C4A00005D42 /* Preview Content */,
				294406CC2BB61E42001F8A62 /* PageFactory.swift */,
			);
			path = Movies;
			sourceTree = "<group>";
		};
		29673EBA2BB30C4A00005D42 /* Preview Content */ = {
			isa = PBXGroup;
			children = (
				29673EBB2BB30C4A00005D42 /* Preview Assets.xcassets */,
			);
			path = "Preview Content";
			sourceTree = "<group>";
		};
		29673EC42BB30C4A00005D42 /* MoviesTests */ = {
			isa = PBXGroup;
			children = (
				29673EC52BB30C4A00005D42 /* MoviesTests.swift */,
			);
			path = MoviesTests;
			sourceTree = "<group>";
		};
		29673EEA2BB3DAB000005D42 /* View */ = {
			isa = PBXGroup;
			children = (
				29673EB52BB30C4900005D42 /* MoviesView.swift */,
				29673F0B2BB4293B00005D42 /* MovieCellView.swift */,
			);
			path = View;
			sourceTree = "<group>";
		};
		29673EEB2BB3DAC700005D42 /* ViewModel */ = {
			isa = PBXGroup;
			children = (
				29673EE62BB3561E00005D42 /* MoviesViewModel.swift */,
			);
			path = ViewModel;
			sourceTree = "<group>";
		};
		29673EEC2BB3DAE000005D42 /* Model */ = {
			isa = PBXGroup;
			children = (
				29673EE42BB310D500005D42 /* MoviesSampleData.swift */,
			);
			path = Model;
			sourceTree = "<group>";
		};
		29673EEE2BB3DB0F00005D42 /* RootMoviePage */ = {
			isa = PBXGroup;
			children = (
				29673EEC2BB3DAE000005D42 /* Model */,
				29673EEB2BB3DAC700005D42 /* ViewModel */,
				29673EEA2BB3DAB000005D42 /* View */,
			);
			path = RootMoviePage;
			sourceTree = "<group>";
		};
		29673EEF2BB3DB3700005D42 /* DetailMoviePage */ = {
			isa = PBXGroup;
			children = (
				29673EF42BB3DB5500005D42 /* Model */,
				29673EF12BB3DB5500005D42 /* ViewModel */,
				29673EF72BB3DB5500005D42 /* View */,
			);
			path = DetailMoviePage;
			sourceTree = "<group>";
		};
		29673EF12BB3DB5500005D42 /* ViewModel */ = {
			isa = PBXGroup;
			children = (
				29673EF22BB3DB5500005D42 /* MovieViewModel.swift */,
			);
			path = ViewModel;
			sourceTree = "<group>";
		};
		29673EF42BB3DB5500005D42 /* Model */ = {
			isa = PBXGroup;
			children = (
				29673EF62BB3DB5500005D42 /* Movie.swift */,
			);
			path = Model;
			sourceTree = "<group>";
		};
		29673EF72BB3DB5500005D42 /* View */ = {
			isa = PBXGroup;
			children = (
				29673EF82BB3DB5500005D42 /* MovieDetailView.swift */,
			);
			path = View;
			sourceTree = "<group>";
		};
		29673F082BB4288600005D42 /* SharedViewHelpers */ = {
			isa = PBXGroup;
			children = (
				29673F092BB428B500005D42 /* AsyncImageBuilder.swift */,
				29673F0D2BB42A0900005D42 /* CustomTextViewBuilder.swift */,
			);
			path = SharedViewHelpers;
			sourceTree = "<group>";
		};
/* End PBXGroup section */

/* Begin PBXNativeTarget section */
		29673EAF2BB30C4900005D42 /* Movies */ = {
			isa = PBXNativeTarget;
			buildConfigurationList = 29673ED52BB30C4A00005D42 /* Build configuration list for PBXNativeTarget "Movies" */;
			buildPhases = (
				29673EAC2BB30C4900005D42 /* Sources */,
				29673EAD2BB30C4900005D42 /* Frameworks */,
				29673EAE2BB30C4900005D42 /* Resources */,
			);
			buildRules = (
			);
			dependencies = (
			);
			name = Movies;
			productName = Movies;
			productReference = 29673EB02BB30C4900005D42 /* Movies.app */;
			productType = "com.apple.product-type.application";
		};
		29673EC02BB30C4A00005D42 /* MoviesTests */ = {
			isa = PBXNativeTarget;
			buildConfigurationList = 29673ED82BB30C4A00005D42 /* Build configuration list for PBXNativeTarget "MoviesTests" */;
			buildPhases = (
				29673EBD2BB30C4A00005D42 /* Sources */,
				29673EBE2BB30C4A00005D42 /* Frameworks */,
				29673EBF2BB30C4A00005D42 /* Resources */,
			);
			buildRules = (
			);
			dependencies = (
				29673EC32BB30C4A00005D42 /* PBXTargetDependency */,
			);
			name = MoviesTests;
			productName = MoviesTests;
			productReference = 29673EC12BB30C4A00005D42 /* MoviesTests.xctest */;
			productType = "com.apple.product-type.bundle.unit-test";
		};
		29673ECA2BB30C4A00005D42 /* MoviesUITests */ = {
			isa = PBXNativeTarget;
			buildConfigurationList = 29673EDB2BB30C4A00005D42 /* Build configuration list for PBXNativeTarget "MoviesUITests" */;
			buildPhases = (
				29673EC72BB30C4A00005D42 /* Sources */,
				29673EC82BB30C4A00005D42 /* Frameworks */,
				29673EC92BB30C4A00005D42 /* Resources */,
			);
			buildRules = (
			);
			dependencies = (
				29673ECD2BB30C4A00005D42 /* PBXTargetDependency */,
			);
			name = MoviesUITests;
			productName = MoviesUITests;
			productReference = 29673ECB2BB30C4A00005D42 /* MoviesUITests.xctest */;
			productType = "com.apple.product-type.bundle.ui-testing";
		};
/* End PBXNativeTarget section */

/* Begin PBXProject section */
		29673EA82BB30C4900005D42 /* Project object */ = {
			isa = PBXProject;
			attributes = {
				BuildIndependentTargetsInParallel = 1;
				LastSwiftUpdateCheck = 1500;
				LastUpgradeCheck = 1500;
				TargetAttributes = {
					29673EAF2BB30C4900005D42 = {
						CreatedOnToolsVersion = 15.0.1;
					};
					29673EC02BB30C4A00005D42 = {
						CreatedOnToolsVersion = 15.0.1;
						TestTargetID = 29673EAF2BB30C4900005D42;
					};
					29673ECA2BB30C4A00005D42 = {
						CreatedOnToolsVersion = 15.0.1;
						TestTargetID = 29673EAF2BB30C4900005D42;
					};
				};
			};
			buildConfigurationList = 29673EAB2BB30C4900005D42 /* Build configuration list for PBXProject "Movies" */;
			compatibilityVersion = "Xcode 14.0";
			developmentRegion = en;
			hasScannedForEncodings = 0;
			knownRegions = (
				en,
				Base,
			);
			mainGroup = 29673EA72BB30C4900005D42;
			productRefGroup = 29673EB12BB30C4900005D42 /* Products */;
			projectDirPath = "";
			projectRoot = "";
			targets = (
				29673EAF2BB30C4900005D42 /* Movies */,
				29673EC02BB30C4A00005D42 /* MoviesTests */,
				29673ECA2BB30C4A00005D42 /* MoviesUITests */,
			);
		};
/* End PBXProject section */

/* Begin PBXResourcesBuildPhase section */
		29673EAE2BB30C4900005D42 /* Resources */ = {
			isa = PBXResourcesBuildPhase;
			buildActionMask = 2147483647;
			files = (
				29673EBC2BB30C4A00005D42 /* Preview Assets.xcassets in Resources */,
				29673EB82BB30C4A00005D42 /* Assets.xcassets in Resources */,
			);
			runOnlyForDeploymentPostprocessing = 0;
		};
		29673EBF2BB30C4A00005D42 /* Resources */ = {
			isa = PBXResourcesBuildPhase;
			buildActionMask = 2147483647;
			files = (
			);
			runOnlyForDeploymentPostprocessing = 0;
		};
		29673EC92BB30C4A00005D42 /* Resources */ = {
			isa = PBXResourcesBuildPhase;
			buildActionMask = 2147483647;
			files = (
			);
			runOnlyForDeploymentPostprocessing = 0;
		};
/* End PBXResourcesBuildPhase section */

/* Begin PBXSourcesBuildPhase section */
		29673EAC2BB30C4900005D42 /* Sources */ = {
			isa = PBXSourcesBuildPhase;
			buildActionMask = 2147483647;
			files = (
				29673F0E2BB42A0900005D42 /* CustomTextViewBuilder.swift in Sources */,
				29673F052BB40F7600005D42 /* AppCoordinator.swift in Sources */,
				29673F0A2BB428B500005D42 /* AsyncImageBuilder.swift in Sources */,
				294406CD2BB61E42001F8A62 /* PageFactory.swift in Sources */,
				29673F072BB416E200005D42 /* CoordinatorView.swift in Sources */,
				29673EFB2BB3DBBD00005D42 /* MovieDetailView.swift in Sources */,
				29673F0C2BB4293B00005D42 /* MovieCellView.swift in Sources */,
				29673EB62BB30C4900005D42 /* MoviesView.swift in Sources */,
				29673EE72BB3561E00005D42 /* MoviesViewModel.swift in Sources */,
				29673EE52BB310D500005D42 /* MoviesSampleData.swift in Sources */,
				29673EB42BB30C4900005D42 /* MoviesApp.swift in Sources */,
				29673EFC2BB3DBC000005D42 /* MovieViewModel.swift in Sources */,
				29673EFA2BB3DB8500005D42 /* Movie.swift in Sources */,
			);
			runOnlyForDeploymentPostprocessing = 0;
		};
		29673EBD2BB30C4A00005D42 /* Sources */ = {
			isa = PBXSourcesBuildPhase;
			buildActionMask = 2147483647;
			files = (
				29673EC62BB30C4A00005D42 /* MoviesTests.swift in Sources */,
			);
			runOnlyForDeploymentPostprocessing = 0;
		};
		29673EC72BB30C4A00005D42 /* Sources */ = {
			isa = PBXSourcesBuildPhase;
			buildActionMask = 2147483647;
			files = (
			);
			runOnlyForDeploymentPostprocessing = 0;
		};
/* End PBXSourcesBuildPhase section */

/* Begin PBXTargetDependency section */
		29673EC32BB30C4A00005D42 /* PBXTargetDependency */ = {
			isa = PBXTargetDependency;
			target = 29673EAF2BB30C4900005D42 /* Movies */;
			targetProxy = 29673EC22BB30C4A00005D42 /* PBXContainerItemProxy */;
		};
		29673ECD2BB30C4A00005D42 /* PBXTargetDependency */ = {
			isa = PBXTargetDependency;
			target = 29673EAF2BB30C4900005D42 /* Movies */;
			targetProxy = 29673ECC2BB30C4A00005D42 /* PBXContainerItemProxy */;
		};
/* End PBXTargetDependency section */

/* Begin XCBuildConfiguration section */
		29673ED32BB30C4A00005D42 /* Debug */ = {
			isa = XCBuildConfiguration;
			buildSettings = {
				ALWAYS_SEARCH_USER_PATHS = NO;
				ASSETCATALOG_COMPILER_GENERATE_SWIFT_ASSET_SYMBOL_EXTENSIONS = YES;
				CLANG_ANALYZER_NONNULL = YES;
				CLANG_ANALYZER_NUMBER_OBJECT_CONVERSION = YES_AGGRESSIVE;
				CLANG_CXX_LANGUAGE_STANDARD = "gnu++20";
				CLANG_ENABLE_MODULES = YES;
				CLANG_ENABLE_OBJC_ARC = YES;
				CLANG_ENABLE_OBJC_WEAK = YES;
				CLANG_WARN_BLOCK_CAPTURE_AUTORELEASING = YES;
				CLANG_WARN_BOOL_CONVERSION = YES;
				CLANG_WARN_COMMA = YES;
				CLANG_WARN_CONSTANT_CONVERSION = YES;
				CLANG_WARN_DEPRECATED_OBJC_IMPLEMENTATIONS = YES;
				CLANG_WARN_DIRECT_OBJC_ISA_USAGE = YES_ERROR;
				CLANG_WARN_DOCUMENTATION_COMMENTS = YES;
				CLANG_WARN_EMPTY_BODY = YES;
				CLANG_WARN_ENUM_CONVERSION = YES;
				CLANG_WARN_INFINITE_RECURSION = YES;
				CLANG_WARN_INT_CONVERSION = YES;
				CLANG_WARN_NON_LITERAL_NULL_CONVERSION = YES;
				CLANG_WARN_OBJC_IMPLICIT_RETAIN_SELF = YES;
				CLANG_WARN_OBJC_LITERAL_CONVERSION = YES;
				CLANG_WARN_OBJC_ROOT_CLASS = YES_ERROR;
				CLANG_WARN_QUOTED_INCLUDE_IN_FRAMEWORK_HEADER = YES;
				CLANG_WARN_RANGE_LOOP_ANALYSIS = YES;
				CLANG_WARN_STRICT_PROTOTYPES = YES;
				CLANG_WARN_SUSPICIOUS_MOVE = YES;
				CLANG_WARN_UNGUARDED_AVAILABILITY = YES_AGGRESSIVE;
				CLANG_WARN_UNREACHABLE_CODE = YES;
				CLANG_WARN__DUPLICATE_METHOD_MATCH = YES;
				COPY_PHASE_STRIP = NO;
				DEBUG_INFORMATION_FORMAT = dwarf;
				ENABLE_STRICT_OBJC_MSGSEND = YES;
				ENABLE_TESTABILITY = YES;
				ENABLE_USER_SCRIPT_SANDBOXING = YES;
				GCC_C_LANGUAGE_STANDARD = gnu17;
				GCC_DYNAMIC_NO_PIC = NO;
				GCC_NO_COMMON_BLOCKS = YES;
				GCC_OPTIMIZATION_LEVEL = 0;
				GCC_PREPROCESSOR_DEFINITIONS = (
					"DEBUG=1",
					"$(inherited)",
				);
				GCC_WARN_64_TO_32_BIT_CONVERSION = YES;
				GCC_WARN_ABOUT_RETURN_TYPE = YES_ERROR;
				GCC_WARN_UNDECLARED_SELECTOR = YES;
				GCC_WARN_UNINITIALIZED_AUTOS = YES_AGGRESSIVE;
				GCC_WARN_UNUSED_FUNCTION = YES;
				GCC_WARN_UNUSED_VARIABLE = YES;
				LOCALIZATION_PREFERS_STRING_CATALOGS = YES;
				MTL_ENABLE_DEBUG_INFO = INCLUDE_SOURCE;
				MTL_FAST_MATH = YES;
				ONLY_ACTIVE_ARCH = YES;
				SWIFT_ACTIVE_COMPILATION_CONDITIONS = "DEBUG $(inherited)";
				SWIFT_OPTIMIZATION_LEVEL = "-Onone";
			};
			name = Debug;
		};
		29673ED42BB30C4A00005D42 /* Release */ = {
			isa = XCBuildConfiguration;
			buildSettings = {
				ALWAYS_SEARCH_USER_PATHS = NO;
				ASSETCATALOG_COMPILER_GENERATE_SWIFT_ASSET_SYMBOL_EXTENSIONS = YES;
				CLANG_ANALYZER_NONNULL = YES;
				CLANG_ANALYZER_NUMBER_OBJECT_CONVERSION = YES_AGGRESSIVE;
				CLANG_CXX_LANGUAGE_STANDARD = "gnu++20";
				CLANG_ENABLE_MODULES = YES;
				CLANG_ENABLE_OBJC_ARC = YES;
				CLANG_ENABLE_OBJC_WEAK = YES;
				CLANG_WARN_BLOCK_CAPTURE_AUTORELEASING = YES;
				CLANG_WARN_BOOL_CONVERSION = YES;
				CLANG_WARN_COMMA = YES;
				CLANG_WARN_CONSTANT_CONVERSION = YES;
				CLANG_WARN_DEPRECATED_OBJC_IMPLEMENTATIONS = YES;
				CLANG_WARN_DIRECT_OBJC_ISA_USAGE = YES_ERROR;
				CLANG_WARN_DOCUMENTATION_COMMENTS = YES;
				CLANG_WARN_EMPTY_BODY = YES;
				CLANG_WARN_ENUM_CONVERSION = YES;
				CLANG_WARN_INFINITE_RECURSION = YES;
				CLANG_WARN_INT_CONVERSION = YES;
				CLANG_WARN_NON_LITERAL_NULL_CONVERSION = YES;
				CLANG_WARN_OBJC_IMPLICIT_RETAIN_SELF = YES;
				CLANG_WARN_OBJC_LITERAL_CONVERSION = YES;
				CLANG_WARN_OBJC_ROOT_CLASS = YES_ERROR;
				CLANG_WARN_QUOTED_INCLUDE_IN_FRAMEWORK_HEADER = YES;
				CLANG_WARN_RANGE_LOOP_ANALYSIS = YES;
				CLANG_WARN_STRICT_PROTOTYPES = YES;
				CLANG_WARN_SUSPICIOUS_MOVE = YES;
				CLANG_WARN_UNGUARDED_AVAILABILITY = YES_AGGRESSIVE;
				CLANG_WARN_UNREACHABLE_CODE = YES;
				CLANG_WARN__DUPLICATE_METHOD_MATCH = YES;
				COPY_PHASE_STRIP = NO;
				DEBUG_INFORMATION_FORMAT = "dwarf-with-dsym";
				ENABLE_NS_ASSERTIONS = NO;
				ENABLE_STRICT_OBJC_MSGSEND = YES;
				ENABLE_USER_SCRIPT_SANDBOXING = YES;
				GCC_C_LANGUAGE_STANDARD = gnu17;
				GCC_NO_COMMON_BLOCKS = YES;
				GCC_WARN_64_TO_32_BIT_CONVERSION = YES;
				GCC_WARN_ABOUT_RETURN_TYPE = YES_ERROR;
				GCC_WARN_UNDECLARED_SELECTOR = YES;
				GCC_WARN_UNINITIALIZED_AUTOS = YES_AGGRESSIVE;
				GCC_WARN_UNUSED_FUNCTION = YES;
				GCC_WARN_UNUSED_VARIABLE = YES;
				LOCALIZATION_PREFERS_STRING_CATALOGS = YES;
				MTL_ENABLE_DEBUG_INFO = NO;
				MTL_FAST_MATH = YES;
				SWIFT_COMPILATION_MODE = wholemodule;
			};
			name = Release;
		};
		29673ED62BB30C4A00005D42 /* Debug */ = {
			isa = XCBuildConfiguration;
			buildSettings = {
				ASSETCATALOG_COMPILER_APPICON_NAME = AppIcon;
				ASSETCATALOG_COMPILER_GLOBAL_ACCENT_COLOR_NAME = AccentColor;
				CODE_SIGN_ENTITLEMENTS = Movies/Movies.entitlements;
				CODE_SIGN_STYLE = Automatic;
				CURRENT_PROJECT_VERSION = 1;
				DEVELOPMENT_ASSET_PATHS = "\"Movies/Preview Content\"";
				DEVELOPMENT_TEAM = E78623RKW6;
				ENABLE_HARDENED_RUNTIME = YES;
				ENABLE_PREVIEWS = YES;
				GENERATE_INFOPLIST_FILE = YES;
				"INFOPLIST_KEY_UIApplicationSceneManifest_Generation[sdk=iphoneos*]" = YES;
				"INFOPLIST_KEY_UIApplicationSceneManifest_Generation[sdk=iphonesimulator*]" = YES;
				"INFOPLIST_KEY_UIApplicationSupportsIndirectInputEvents[sdk=iphoneos*]" = YES;
				"INFOPLIST_KEY_UIApplicationSupportsIndirectInputEvents[sdk=iphonesimulator*]" = YES;
				"INFOPLIST_KEY_UILaunchScreen_Generation[sdk=iphoneos*]" = YES;
				"INFOPLIST_KEY_UILaunchScreen_Generation[sdk=iphonesimulator*]" = YES;
				"INFOPLIST_KEY_UIStatusBarStyle[sdk=iphoneos*]" = UIStatusBarStyleDefault;
				"INFOPLIST_KEY_UIStatusBarStyle[sdk=iphonesimulator*]" = UIStatusBarStyleDefault;
				INFOPLIST_KEY_UISupportedInterfaceOrientations_iPad = "UIInterfaceOrientationPortrait UIInterfaceOrientationPortraitUpsideDown UIInterfaceOrientationLandscapeLeft UIInterfaceOrientationLandscapeRight";
				INFOPLIST_KEY_UISupportedInterfaceOrientations_iPhone = "UIInterfaceOrientationPortrait UIInterfaceOrientationLandscapeLeft UIInterfaceOrientationLandscapeRight";
				IPHONEOS_DEPLOYMENT_TARGET = 17.0;
				LD_RUNPATH_SEARCH_PATHS = "@executable_path/Frameworks";
				"LD_RUNPATH_SEARCH_PATHS[sdk=macosx*]" = "@executable_path/../Frameworks";
				MACOSX_DEPLOYMENT_TARGET = 14.0;
				MARKETING_VERSION = 1.0;
				PRODUCT_BUNDLE_IDENTIFIER = com.amirs01tani.Movies;
				PRODUCT_NAME = "$(TARGET_NAME)";
				SDKROOT = auto;
				SUPPORTED_PLATFORMS = "iphoneos iphonesimulator macosx";
				SWIFT_EMIT_LOC_STRINGS = YES;
				SWIFT_VERSION = 5.0;
				TARGETED_DEVICE_FAMILY = "1,2";
			};
			name = Debug;
		};
		29673ED72BB30C4A00005D42 /* Release */ = {
			isa = XCBuildConfiguration;
			buildSettings = {
				ASSETCATALOG_COMPILER_APPICON_NAME = AppIcon;
				ASSETCATALOG_COMPILER_GLOBAL_ACCENT_COLOR_NAME = AccentColor;
				CODE_SIGN_ENTITLEMENTS = Movies/Movies.entitlements;
				CODE_SIGN_STYLE = Automatic;
				CURRENT_PROJECT_VERSION = 1;
				DEVELOPMENT_ASSET_PATHS = "\"Movies/Preview Content\"";
				DEVELOPMENT_TEAM = E78623RKW6;
				ENABLE_HARDENED_RUNTIME = YES;
				ENABLE_PREVIEWS = YES;
				GENERATE_INFOPLIST_FILE = YES;
				"INFOPLIST_KEY_UIApplicationSceneManifest_Generation[sdk=iphoneos*]" = YES;
				"INFOPLIST_KEY_UIApplicationSceneManifest_Generation[sdk=iphonesimulator*]" = YES;
				"INFOPLIST_KEY_UIApplicationSupportsIndirectInputEvents[sdk=iphoneos*]" = YES;
				"INFOPLIST_KEY_UIApplicationSupportsIndirectInputEvents[sdk=iphonesimulator*]" = YES;
				"INFOPLIST_KEY_UILaunchScreen_Generation[sdk=iphoneos*]" = YES;
				"INFOPLIST_KEY_UILaunchScreen_Generation[sdk=iphonesimulator*]" = YES;
				"INFOPLIST_KEY_UIStatusBarStyle[sdk=iphoneos*]" = UIStatusBarStyleDefault;
				"INFOPLIST_KEY_UIStatusBarStyle[sdk=iphonesimulator*]" = UIStatusBarStyleDefault;
				INFOPLIST_KEY_UISupportedInterfaceOrientations_iPad = "UIInterfaceOrientationPortrait UIInterfaceOrientationPortraitUpsideDown UIInterfaceOrientationLandscapeLeft UIInterfaceOrientationLandscapeRight";
				INFOPLIST_KEY_UISupportedInterfaceOrientations_iPhone = "UIInterfaceOrientationPortrait UIInterfaceOrientationLandscapeLeft UIInterfaceOrientationLandscapeRight";
				IPHONEOS_DEPLOYMENT_TARGET = 17.0;
				LD_RUNPATH_SEARCH_PATHS = "@executable_path/Frameworks";
				"LD_RUNPATH_SEARCH_PATHS[sdk=macosx*]" = "@executable_path/../Frameworks";
				MACOSX_DEPLOYMENT_TARGET = 14.0;
				MARKETING_VERSION = 1.0;
				PRODUCT_BUNDLE_IDENTIFIER = com.amirs01tani.Movies;
				PRODUCT_NAME = "$(TARGET_NAME)";
				SDKROOT = auto;
				SUPPORTED_PLATFORMS = "iphoneos iphonesimulator macosx";
				SWIFT_EMIT_LOC_STRINGS = YES;
				SWIFT_VERSION = 5.0;
				TARGETED_DEVICE_FAMILY = "1,2";
			};
			name = Release;
		};
		29673ED92BB30C4A00005D42 /* Debug */ = {
			isa = XCBuildConfiguration;
			buildSettings = {
				ALWAYS_EMBED_SWIFT_STANDARD_LIBRARIES = YES;
				BUNDLE_LOADER = "$(TEST_HOST)";
				CODE_SIGN_STYLE = Automatic;
				CURRENT_PROJECT_VERSION = 1;
				DEVELOPMENT_TEAM = E78623RKW6;
				GENERATE_INFOPLIST_FILE = YES;
				IPHONEOS_DEPLOYMENT_TARGET = 17.0;
				MACOSX_DEPLOYMENT_TARGET = 14.0;
				MARKETING_VERSION = 1.0;
				PRODUCT_BUNDLE_IDENTIFIER = com.amirs01tani.MoviesTests;
				PRODUCT_NAME = "$(TARGET_NAME)";
				SDKROOT = auto;
				SUPPORTED_PLATFORMS = "iphoneos iphonesimulator macosx";
				SWIFT_EMIT_LOC_STRINGS = NO;
				SWIFT_VERSION = 5.0;
				TARGETED_DEVICE_FAMILY = "1,2";
				TEST_HOST = "$(BUILT_PRODUCTS_DIR)/Movies.app/$(BUNDLE_EXECUTABLE_FOLDER_PATH)/Movies";
			};
			name = Debug;
		};
		29673EDA2BB30C4A00005D42 /* Release */ = {
			isa = XCBuildConfiguration;
			buildSettings = {
				ALWAYS_EMBED_SWIFT_STANDARD_LIBRARIES = YES;
				BUNDLE_LOADER = "$(TEST_HOST)";
				CODE_SIGN_STYLE = Automatic;
				CURRENT_PROJECT_VERSION = 1;
				DEVELOPMENT_TEAM = E78623RKW6;
				GENERATE_INFOPLIST_FILE = YES;
				IPHONEOS_DEPLOYMENT_TARGET = 17.0;
				MACOSX_DEPLOYMENT_TARGET = 14.0;
				MARKETING_VERSION = 1.0;
				PRODUCT_BUNDLE_IDENTIFIER = com.amirs01tani.MoviesTests;
				PRODUCT_NAME = "$(TARGET_NAME)";
				SDKROOT = auto;
				SUPPORTED_PLATFORMS = "iphoneos iphonesimulator macosx";
				SWIFT_EMIT_LOC_STRINGS = NO;
				SWIFT_VERSION = 5.0;
				TARGETED_DEVICE_FAMILY = "1,2";
				TEST_HOST = "$(BUILT_PRODUCTS_DIR)/Movies.app/$(BUNDLE_EXECUTABLE_FOLDER_PATH)/Movies";
			};
			name = Release;
		};
		29673EDC2BB30C4A00005D42 /* Debug */ = {
			isa = XCBuildConfiguration;
			buildSettings = {
				ALWAYS_EMBED_SWIFT_STANDARD_LIBRARIES = YES;
				CODE_SIGN_STYLE = Automatic;
				CURRENT_PROJECT_VERSION = 1;
				DEVELOPMENT_TEAM = E78623RKW6;
				GENERATE_INFOPLIST_FILE = YES;
				IPHONEOS_DEPLOYMENT_TARGET = 17.0;
				MACOSX_DEPLOYMENT_TARGET = 14.0;
				MARKETING_VERSION = 1.0;
				PRODUCT_BUNDLE_IDENTIFIER = com.amirs01tani.MoviesUITests;
				PRODUCT_NAME = "$(TARGET_NAME)";
				SDKROOT = auto;
				SUPPORTED_PLATFORMS = "iphoneos iphonesimulator macosx";
				SWIFT_EMIT_LOC_STRINGS = NO;
				SWIFT_VERSION = 5.0;
				TARGETED_DEVICE_FAMILY = "1,2";
				TEST_TARGET_NAME = Movies;
			};
			name = Debug;
		};
		29673EDD2BB30C4A00005D42 /* Release */ = {
			isa = XCBuildConfiguration;
			buildSettings = {
				ALWAYS_EMBED_SWIFT_STANDARD_LIBRARIES = YES;
				CODE_SIGN_STYLE = Automatic;
				CURRENT_PROJECT_VERSION = 1;
				DEVELOPMENT_TEAM = E78623RKW6;
				GENERATE_INFOPLIST_FILE = YES;
				IPHONEOS_DEPLOYMENT_TARGET = 17.0;
				MACOSX_DEPLOYMENT_TARGET = 14.0;
				MARKETING_VERSION = 1.0;
				PRODUCT_BUNDLE_IDENTIFIER = com.amirs01tani.MoviesUITests;
				PRODUCT_NAME = "$(TARGET_NAME)";
				SDKROOT = auto;
				SUPPORTED_PLATFORMS = "iphoneos iphonesimulator macosx";
				SWIFT_EMIT_LOC_STRINGS = NO;
				SWIFT_VERSION = 5.0;
				TARGETED_DEVICE_FAMILY = "1,2";
				TEST_TARGET_NAME = Movies;
			};
			name = Release;
		};
/* End XCBuildConfiguration section */

/* Begin XCConfigurationList section */
		29673EAB2BB30C4900005D42 /* Build configuration list for PBXProject "Movies" */ = {
			isa = XCConfigurationList;
			buildConfigurations = (
				29673ED32BB30C4A00005D42 /* Debug */,
				29673ED42BB30C4A00005D42 /* Release */,
			);
			defaultConfigurationIsVisible = 0;
			defaultConfigurationName = Release;
		};
		29673ED52BB30C4A00005D42 /* Build configuration list for PBXNativeTarget "Movies" */ = {
			isa = XCConfigurationList;
			buildConfigurations = (
				29673ED62BB30C4A00005D42 /* Debug */,
				29673ED72BB30C4A00005D42 /* Release */,
			);
			defaultConfigurationIsVisible = 0;
			defaultConfigurationName = Release;
		};
		29673ED82BB30C4A00005D42 /* Build configuration list for PBXNativeTarget "MoviesTests" */ = {
			isa = XCConfigurationList;
			buildConfigurations = (
				29673ED92BB30C4A00005D42 /* Debug */,
				29673EDA2BB30C4A00005D42 /* Release */,
			);
			defaultConfigurationIsVisible = 0;
			defaultConfigurationName = Release;
		};
		29673EDB2BB30C4A00005D42 /* Build configuration list for PBXNativeTarget "MoviesUITests" */ = {
			isa = XCConfigurationList;
			buildConfigurations = (
				29673EDC2BB30C4A00005D42 /* Debug */,
				29673EDD2BB30C4A00005D42 /* Release */,
			);
			defaultConfigurationIsVisible = 0;
			defaultConfigurationName = Release;
		};
/* End XCConfigurationList section */
	};
	rootObject = 29673EA82BB30C4900005D42 /* Project object */;
}
